
Microsoft Visual Studio Solution File, Format Version 12.00
# Visual Studio 15
Project("{FAE04EC0-301F-11D3-BF4B-00C04F79EFBC}") = "Assembly-CSharp", "Assembly-CSharp.csproj", "{0A10111C-6965-93AC-38FB-54D4CFB4832D}"
EndProject
Project("{FAE04EC0-301F-11D3-BF4B-00C04F79EFBC}") = "ConeMeshAssembly", "ConeMeshAssembly.csproj", "{593CE86B-05A5-C0C3-D157-7D536C59F671}"
EndProject
Project("{FAE04EC0-301F-11D3-BF4B-00C04F79EFBC}") = "ConeMeshEditorAssembly", "ConeMeshEditorAssembly.csproj", "{2D2832F2-D5FB-B1A7-9C33-49D1D3469DE9}"
EndProject
Global
	GlobalSection(SolutionConfigurationPlatforms) = preSolution
		Debug|Any CPU = Debug|Any CPU
		Release|Any CPU = Release|Any CPU
	EndGlobalSection
	GlobalSection(ProjectConfigurationPlatforms) = postSolution
		{0A10111C-6965-93AC-38FB-54D4CFB4832D}.Debug|Any CPU.ActiveCfg = Debug|Any CPU
		{0A10111C-6965-93AC-38FB-54D4CFB4832D}.Debug|Any CPU.Build.0 = Debug|Any CPU
		{0A10111C-6965-93AC-38FB-54D4CFB4832D}.Release|Any CPU.ActiveCfg = Release|Any CPU
		{0A10111C-6965-93AC-38FB-54D4CFB4832D}.Release|Any CPU.Build.0 = Release|Any CPU
		{593CE86B-05A5-C0C3-D157-7D536C59F671}.Debug|Any CPU.ActiveCfg = Debug|Any CPU
		{593CE86B-05A5-C0C3-D157-7D536C59F671}.Debug|Any CPU.Build.0 = Debug|Any CPU
		{593CE86B-05A5-C0C3-D157-7D536C59F671}.Release|Any CPU.ActiveCfg = Release|Any CPU
		{593CE86B-05A5-C0C3-D157-7D536C59F671}.Release|Any CPU.Build.0 = Release|Any CPU
		{2D2832F2-D5FB-B1A7-9C33-49D1D3469DE9}.Debug|Any CPU.ActiveCfg = Debug|Any CPU
		{2D2832F2-D5FB-B1A7-9C33-49D1D3469DE9}.Debug|Any CPU.Build.0 = Debug|Any CPU
		{2D2832F2-D5FB-B1A7-9C33-49D1D3469DE9}.Release|Any CPU.ActiveCfg = Release|Any CPU
		{2D2832F2-D5FB-B1A7-9C33-49D1D3469DE9}.Release|Any CPU.Build.0 = Release|Any CPU
	EndGlobalSection
	GlobalSection(SolutionProperties) = preSolution
		HideSolutionNode = FALSE
	EndGlobalSection
EndGlobal
