
Microsoft Visual Studio Solution File, Format Version 11.00
# Visual Studio 2010
Project("{FAE04EC0-301F-11D3-BF4B-00C04F79EFBC}") = "Assembly-CSharp", "Assembly-CSharp.csproj", "{1c11100a-6569-ac93-38fb-54d4cfb4832d}"
EndProject
Project("{FAE04EC0-301F-11D3-BF4B-00C04F79EFBC}") = "ConeMeshAssembly", "ConeMeshAssembly.csproj", "{6be83c59-a505-c3c0-d157-7d536c59f671}"
EndProject
Project("{FAE04EC0-301F-11D3-BF4B-00C04F79EFBC}") = "ConeMeshEditorAssembly", "ConeMeshEditorAssembly.csproj", "{f232282d-fbd5-a7b1-9c33-49d1d3469de9}"
EndProject
Global
	GlobalSection(SolutionConfigurationPlatforms) = preSolution
		Debug|Any CPU = Debug|Any CPU
	EndGlobalSection
	GlobalSection(ProjectConfigurationPlatforms) = postSolution
		{1c11100a-6569-ac93-38fb-54d4cfb4832d}.Debug|Any CPU.ActiveCfg = Debug|Any CPU
		{1c11100a-6569-ac93-38fb-54d4cfb4832d}.Debug|Any CPU.Build.0 = Debug|Any CPU
		{6be83c59-a505-c3c0-d157-7d536c59f671}.Debug|Any CPU.ActiveCfg = Debug|Any CPU
		{6be83c59-a505-c3c0-d157-7d536c59f671}.Debug|Any CPU.Build.0 = Debug|Any CPU
		{f232282d-fbd5-a7b1-9c33-49d1d3469de9}.Debug|Any CPU.ActiveCfg = Debug|Any CPU
		{f232282d-fbd5-a7b1-9c33-49d1d3469de9}.Debug|Any CPU.Build.0 = Debug|Any CPU
	EndGlobalSection
	GlobalSection(SolutionProperties) = preSolution
		HideSolutionNode = FALSE
	EndGlobalSection
EndGlobal
